
Microsoft Visual Studio Solution File, Format Version 12.00
# Visual Studio 2013
VisualStudioVersion = 12.0.30501.0
MinimumVisualStudioVersion = 10.0.40219.1
Project("{FAE04EC0-301F-11D3-BF4B-00C04F79EFBC}") = "CheckIfLeap", "CheckIfLeap\CheckIfLeap.csproj", "{4AC6314B-E738-4452-B39E-E33F5EB45EFB}"
EndProject
Project("{FAE04EC0-301F-11D3-BF4B-00C04F79EFBC}") = "TenRandomValues", "TenRandomValues\TenRandomValues.csproj", "{9969AC62-FE91-4483-8AC9-D8935667838F}"
EndProject
Project("{FAE04EC0-301F-11D3-BF4B-00C04F79EFBC}") = "DayOfTheWeek", "DayOfTheWeek\DayOfTheWeek.csproj", "{B5422D7B-83A5-4665-9CE7-5BC9A5A4D1EC}"
EndProject
Project("{FAE04EC0-301F-11D3-BF4B-00C04F79EFBC}") = "SurfaceOfATriangle", "SurfaceOfATriangle\SurfaceOfATriangle.csproj", "{9C8108FF-04D8-443C-9CFB-D22D5E3461D7}"
EndProject
Project("{FAE04EC0-301F-11D3-BF4B-00C04F79EFBC}") = "WorkDays", "WorkDays\WorkDays.csproj", "{AA8D6ABD-1237-4B35-9812-01BACA8DA4BF}"
EndProject
Project("{FAE04EC0-301F-11D3-BF4B-00C04F79EFBC}") = "SumOfIntegerSequence", "SumOfIntegerSequence\SumOfIntegerSequence.csproj", "{DE8F3111-8E2C-4022-B95E-1AA8E1344D28}"
EndProject
Global
	GlobalSection(SolutionConfigurationPlatforms) = preSolution
		Debug|Any CPU = Debug|Any CPU
		Release|Any CPU = Release|Any CPU
	EndGlobalSection
	GlobalSection(ProjectConfigurationPlatforms) = postSolution
		{4AC6314B-E738-4452-B39E-E33F5EB45EFB}.Debug|Any CPU.ActiveCfg = Debug|Any CPU
		{4AC6314B-E738-4452-B39E-E33F5EB45EFB}.Debug|Any CPU.Build.0 = Debug|Any CPU
		{4AC6314B-E738-4452-B39E-E33F5EB45EFB}.Release|Any CPU.ActiveCfg = Release|Any CPU
		{4AC6314B-E738-4452-B39E-E33F5EB45EFB}.Release|Any CPU.Build.0 = Release|Any CPU
		{9969AC62-FE91-4483-8AC9-D8935667838F}.Debug|Any CPU.ActiveCfg = Debug|Any CPU
		{9969AC62-FE91-4483-8AC9-D8935667838F}.Debug|Any CPU.Build.0 = Debug|Any CPU
		{9969AC62-FE91-4483-8AC9-D8935667838F}.Release|Any CPU.ActiveCfg = Release|Any CPU
		{9969AC62-FE91-4483-8AC9-D8935667838F}.Release|Any CPU.Build.0 = Release|Any CPU
		{B5422D7B-83A5-4665-9CE7-5BC9A5A4D1EC}.Debug|Any CPU.ActiveCfg = Debug|Any CPU
		{B5422D7B-83A5-4665-9CE7-5BC9A5A4D1EC}.Debug|Any CPU.Build.0 = Debug|Any CPU
		{B5422D7B-83A5-4665-9CE7-5BC9A5A4D1EC}.Release|Any CPU.ActiveCfg = Release|Any CPU
		{B5422D7B-83A5-4665-9CE7-5BC9A5A4D1EC}.Release|Any CPU.Build.0 = Release|Any CPU
		{9C8108FF-04D8-443C-9CFB-D22D5E3461D7}.Debug|Any CPU.ActiveCfg = Debug|Any CPU
		{9C8108FF-04D8-443C-9CFB-D22D5E3461D7}.Debug|Any CPU.Build.0 = Debug|Any CPU
		{9C8108FF-04D8-443C-9CFB-D22D5E3461D7}.Release|Any CPU.ActiveCfg = Release|Any CPU
		{9C8108FF-04D8-443C-9CFB-D22D5E3461D7}.Release|Any CPU.Build.0 = Release|Any CPU
		{AA8D6ABD-1237-4B35-9812-01BACA8DA4BF}.Debug|Any CPU.ActiveCfg = Debug|Any CPU
		{AA8D6ABD-1237-4B35-9812-01BACA8DA4BF}.Debug|Any CPU.Build.0 = Debug|Any CPU
		{AA8D6ABD-1237-4B35-9812-01BACA8DA4BF}.Release|Any CPU.ActiveCfg = Release|Any CPU
		{AA8D6ABD-1237-4B35-9812-01BACA8DA4BF}.Release|Any CPU.Build.0 = Release|Any CPU
		{DE8F3111-8E2C-4022-B95E-1AA8E1344D28}.Debug|Any CPU.ActiveCfg = Debug|Any CPU
		{DE8F3111-8E2C-4022-B95E-1AA8E1344D28}.Debug|Any CPU.Build.0 = Debug|Any CPU
		{DE8F3111-8E2C-4022-B95E-1AA8E1344D28}.Release|Any CPU.ActiveCfg = Release|Any CPU
		{DE8F3111-8E2C-4022-B95E-1AA8E1344D28}.Release|Any CPU.Build.0 = Release|Any CPU
	EndGlobalSection
	GlobalSection(SolutionProperties) = preSolution
		HideSolutionNode = FALSE
	EndGlobalSection
EndGlobal
